[[package]]
name = "docutils"
sections = ["default"]
version = "0.16"
summary = "Docutils -- Python Documentation Utilities"

[[package]]
name = "h5py"
sections = ["default"]
version = "3.1.0"
summary = "Read and write HDF5 files from Python"
dependencies = [
    "numpy>=1.19.3; python_version >= \"3.9\"",
]

[[package]]
name = "hovercraft"
sections = ["default"]
version = "2.7"
summary = "Makes impress.js presentations from reStructuredText"
dependencies = [
    "setuptools",
    "docutils>=0.9",
    "lxml>=3.1.0",
    "svg.path",
    "pygments",
    "watchdog",
]

[[package]]
name = "lxml"
sections = ["default"]
version = "4.6.2"
summary = "Powerful and Pythonic XML processing library combining libxml2/libxslt with the ElementTree API."

[[package]]
name = "numpy"
sections = ["default"]
version = "1.19.5"
summary = "NumPy is the fundamental package for array computing with Python."

[[package]]
name = "pandas"
sections = ["default"]
version = "0.25.3"
summary = "Powerful data structures for data analysis, time series, and statistics"
dependencies = [
    "python-dateutil>=2.6.1",
    "pytz>=2017.2",
    "numpy>=1.13.3",
]

[[package]]
name = "pygments"
sections = ["default"]
version = "2.8.0"
summary = "Pygments is a syntax highlighting package written in Python."

[[package]]
name = "python-dateutil"
sections = ["default"]
version = "2.8.1"
summary = "Extensions to the standard Python datetime module"
dependencies = [
    "six>=1.5",
]

[[package]]
name = "pytz"
sections = ["default"]
version = "2021.1"
summary = "World timezone definitions, modern and historical"

[[package]]
name = "setuptools"
sections = ["default"]
version = "53.0.0"
summary = "Easily download, build, install, upgrade, and uninstall Python packages"

[[package]]
name = "six"
sections = ["default"]
version = "1.15.0"
summary = "Python 2 and 3 compatibility utilities"

[[package]]
name = "svg.path"
sections = ["default"]
version = "4.0.2"
summary = "SVG path objects and parser"

[[package]]
name = "watchdog"
sections = ["default"]
version = "2.0.0"
summary = "Filesystem events monitoring"

[metadata]
lock_version = "2"
content_hash = "sha256:5705eadee46a48cd13c7031da17b6c17db3e70e3ac1c1c45f97deafb1c5b14ab"

[metadata.files]
"docutils 0.16" = [
    {file = "docutils-0.16-py2.py3-none-any.whl", hash = "sha256:0c5b78adfbf7762415433f5515cd5c9e762339e23369dbe8000d84a4bf4ab3af"},
    {file = "docutils-0.16.tar.gz", hash = "sha256:c2de3a60e9e7d07be26b7f2b00ca0309c207e06c100f9cc2a94931fc75a478fc"},
]
"h5py 3.1.0" = [
    {file = "h5py-3.1.0-cp36-cp36m-macosx_10_9_x86_64.whl", hash = "sha256:1cd367f89a5441236bdbb795e9fb9a9e3424929c00b4a54254ca760437f83d69"},
    {file = "h5py-3.1.0-cp36-cp36m-manylinux1_x86_64.whl", hash = "sha256:fea05349f63625a8fb808e57e42bb4c76930cf5d50ac58b678c52f913a48a89b"},
    {file = "h5py-3.1.0-cp36-cp36m-win_amd64.whl", hash = "sha256:2e37352ddfcf9d77a2a47f7c8f7e125c6d20cc06c2995edeb7be222d4e152636"},
    {file = "h5py-3.1.0-cp37-cp37m-macosx_10_9_x86_64.whl", hash = "sha256:e33f61d3eb862614c0f273a1f993a64dc2f093e1a3094932c50ada9d2db2170f"},
    {file = "h5py-3.1.0-cp37-cp37m-manylinux1_x86_64.whl", hash = "sha256:236ac8d943be30b617ab615c3d4a4bf4a438add2be87e54af3687ab721a18fac"},
    {file = "h5py-3.1.0-cp37-cp37m-win_amd64.whl", hash = "sha256:02c391fdb980762a1cc03a4bcaecd03dc463994a9a63a02264830114a96e111f"},
    {file = "h5py-3.1.0-cp38-cp38-macosx_10_9_x86_64.whl", hash = "sha256:f89a3dae38843ffa49d17a31a3509a8129e9b46ece602a0138e1ed79e685c361"},
    {file = "h5py-3.1.0-cp38-cp38-manylinux1_x86_64.whl", hash = "sha256:ba71f6229d2013fbb606476ecc29c6223fc16b244d35fcd8566ad9dbaf910857"},
    {file = "h5py-3.1.0-cp38-cp38-win_amd64.whl", hash = "sha256:dccb89358bc84abcd711363c3e138f9f4eccfdf866f2139a8e72308328765b2c"},
    {file = "h5py-3.1.0-cp39-cp39-macosx_10_9_x86_64.whl", hash = "sha256:cb74df83709d6d03d11e60b9480812f58da34f194beafa8c8314dbbeeedfe0a6"},
    {file = "h5py-3.1.0-cp39-cp39-manylinux1_x86_64.whl", hash = "sha256:80c623be10479e81b64fa713b7ed4c0bbe9f02e8e7d2a2e5382336087b615ce4"},
    {file = "h5py-3.1.0-cp39-cp39-win_amd64.whl", hash = "sha256:1cdfd1c5449ca1329d152f0b66830e93226ebce4f5e07dd8dc16bfc2b1a49d7b"},
    {file = "h5py-3.1.0.tar.gz", hash = "sha256:1e2516f190652beedcb8c7acfa1c6fa92d99b42331cbef5e5c7ec2d65b0fc3c2"},
]
"hovercraft 2.7" = [
    {file = "hovercraft-2.7.tar.gz", hash = "sha256:62592c3b5394bc8e3ea792e469f5fc7f69f8df707e7046a91b1e93648c758a1f"},
]
"lxml 4.6.2" = [
    {file = "lxml-4.6.2-cp27-cp27m-macosx_10_9_x86_64.whl", hash = "sha256:a9d6bc8642e2c67db33f1247a77c53476f3a166e09067c0474facb045756087f"},
    {file = "lxml-4.6.2-cp27-cp27m-manylinux1_i686.whl", hash = "sha256:791394449e98243839fa822a637177dd42a95f4883ad3dec2a0ce6ac99fb0a9d"},
    {file = "lxml-4.6.2-cp27-cp27m-manylinux1_x86_64.whl", hash = "sha256:68a5d77e440df94011214b7db907ec8f19e439507a70c958f750c18d88f995d2"},
    {file = "lxml-4.6.2-cp27-cp27m-win32.whl", hash = "sha256:fc37870d6716b137e80d19241d0e2cff7a7643b925dfa49b4c8ebd1295eb506e"},
    {file = "lxml-4.6.2-cp27-cp27m-win_amd64.whl", hash = "sha256:69a63f83e88138ab7642d8f61418cf3180a4d8cd13995df87725cb8b893e950e"},
    {file = "lxml-4.6.2-cp27-cp27mu-manylinux1_i686.whl", hash = "sha256:42ebca24ba2a21065fb546f3e6bd0c58c3fe9ac298f3a320147029a4850f51a2"},
    {file = "lxml-4.6.2-cp27-cp27mu-manylinux1_x86_64.whl", hash = "sha256:f83d281bb2a6217cd806f4cf0ddded436790e66f393e124dfe9731f6b3fb9afe"},
    {file = "lxml-4.6.2-cp35-cp35m-manylinux1_i686.whl", hash = "sha256:535f067002b0fd1a4e5296a8f1bf88193080ff992a195e66964ef2a6cfec5388"},
    {file = "lxml-4.6.2-cp35-cp35m-manylinux1_x86_64.whl", hash = "sha256:366cb750140f221523fa062d641393092813b81e15d0e25d9f7c6025f910ee80"},
    {file = "lxml-4.6.2-cp35-cp35m-manylinux2014_aarch64.whl", hash = "sha256:97db258793d193c7b62d4e2586c6ed98d51086e93f9a3af2b2034af01450a74b"},
    {file = "lxml-4.6.2-cp35-cp35m-win32.whl", hash = "sha256:648914abafe67f11be7d93c1a546068f8eff3c5fa938e1f94509e4a5d682b2d8"},
    {file = "lxml-4.6.2-cp35-cp35m-win_amd64.whl", hash = "sha256:4e751e77006da34643ab782e4a5cc21ea7b755551db202bc4d3a423b307db780"},
    {file = "lxml-4.6.2-cp36-cp36m-macosx_10_9_x86_64.whl", hash = "sha256:681d75e1a38a69f1e64ab82fe4b1ed3fd758717bed735fb9aeaa124143f051af"},
    {file = "lxml-4.6.2-cp36-cp36m-manylinux1_i686.whl", hash = "sha256:127f76864468d6630e1b453d3ffbbd04b024c674f55cf0a30dc2595137892d37"},
    {file = "lxml-4.6.2-cp36-cp36m-manylinux1_x86_64.whl", hash = "sha256:4fb85c447e288df535b17ebdebf0ec1cf3a3f1a8eba7e79169f4f37af43c6b98"},
    {file = "lxml-4.6.2-cp36-cp36m-manylinux2014_aarch64.whl", hash = "sha256:5be4a2e212bb6aa045e37f7d48e3e1e4b6fd259882ed5a00786f82e8c37ce77d"},
    {file = "lxml-4.6.2-cp36-cp36m-win32.whl", hash = "sha256:8c88b599e226994ad4db29d93bc149aa1aff3dc3a4355dd5757569ba78632bdf"},
    {file = "lxml-4.6.2-cp36-cp36m-win_amd64.whl", hash = "sha256:6e4183800f16f3679076dfa8abf2db3083919d7e30764a069fb66b2b9eff9939"},
    {file = "lxml-4.6.2-cp37-cp37m-macosx_10_9_x86_64.whl", hash = "sha256:d8d3d4713f0c28bdc6c806a278d998546e8efc3498949e3ace6e117462ac0a5e"},
    {file = "lxml-4.6.2-cp37-cp37m-manylinux1_i686.whl", hash = "sha256:8246f30ca34dc712ab07e51dc34fea883c00b7ccb0e614651e49da2c49a30711"},
    {file = "lxml-4.6.2-cp37-cp37m-manylinux1_x86_64.whl", hash = "sha256:923963e989ffbceaa210ac37afc9b906acebe945d2723e9679b643513837b089"},
    {file = "lxml-4.6.2-cp37-cp37m-manylinux2014_aarch64.whl", hash = "sha256:1471cee35eba321827d7d53d104e7b8c593ea3ad376aa2df89533ce8e1b24a01"},
    {file = "lxml-4.6.2-cp37-cp37m-win32.whl", hash = "sha256:2363c35637d2d9d6f26f60a208819e7eafc4305ce39dc1d5005eccc4593331c2"},
    {file = "lxml-4.6.2-cp37-cp37m-win_amd64.whl", hash = "sha256:f4822c0660c3754f1a41a655e37cb4dbbc9be3d35b125a37fab6f82d47674ebc"},
    {file = "lxml-4.6.2-cp38-cp38-macosx_10_9_x86_64.whl", hash = "sha256:0448576c148c129594d890265b1a83b9cd76fd1f0a6a04620753d9a6bcfd0a4d"},
    {file = "lxml-4.6.2-cp38-cp38-manylinux1_i686.whl", hash = "sha256:60a20bfc3bd234d54d49c388950195d23a5583d4108e1a1d47c9eef8d8c042b3"},
    {file = "lxml-4.6.2-cp38-cp38-manylinux1_x86_64.whl", hash = "sha256:2e5cc908fe43fe1aa299e58046ad66981131a66aea3129aac7770c37f590a644"},
    {file = "lxml-4.6.2-cp38-cp38-manylinux2014_aarch64.whl", hash = "sha256:50c348995b47b5a4e330362cf39fc503b4a43b14a91c34c83b955e1805c8e308"},
    {file = "lxml-4.6.2-cp38-cp38-win32.whl", hash = "sha256:94d55bd03d8671686e3f012577d9caa5421a07286dd351dfef64791cf7c6c505"},
    {file = "lxml-4.6.2-cp38-cp38-win_amd64.whl", hash = "sha256:7a7669ff50f41225ca5d6ee0a1ec8413f3a0d8aa2b109f86d540887b7ec0d72a"},
    {file = "lxml-4.6.2-cp39-cp39-macosx_10_9_x86_64.whl", hash = "sha256:e0bfe9bb028974a481410432dbe1b182e8191d5d40382e5b8ff39cdd2e5c5931"},
    {file = "lxml-4.6.2-cp39-cp39-manylinux1_i686.whl", hash = "sha256:6fd8d5903c2e53f49e99359b063df27fdf7acb89a52b6a12494208bf61345a03"},
    {file = "lxml-4.6.2-cp39-cp39-manylinux1_x86_64.whl", hash = "sha256:7e9eac1e526386df7c70ef253b792a0a12dd86d833b1d329e038c7a235dfceb5"},
    {file = "lxml-4.6.2-cp39-cp39-manylinux2014_aarch64.whl", hash = "sha256:7ee8af0b9f7de635c61cdd5b8534b76c52cd03536f29f51151b377f76e214a1a"},
    {file = "lxml-4.6.2-cp39-cp39-win32.whl", hash = "sha256:2e6fd1b8acd005bd71e6c94f30c055594bbd0aa02ef51a22bbfa961ab63b2d75"},
    {file = "lxml-4.6.2-cp39-cp39-win_amd64.whl", hash = "sha256:535332fe9d00c3cd455bd3dd7d4bacab86e2d564bdf7606079160fa6251caacf"},
    {file = "lxml-4.6.2.tar.gz", hash = "sha256:cd11c7e8d21af997ee8079037fff88f16fda188a9776eb4b81c7e4c9c0a7d7fc"},
]
"numpy 1.19.5" = [
    {file = "numpy-1.19.5-cp36-cp36m-macosx_10_9_x86_64.whl", hash = "sha256:cc6bd4fd593cb261332568485e20a0712883cf631f6f5e8e86a52caa8b2b50ff"},
    {file = "numpy-1.19.5-cp36-cp36m-manylinux1_i686.whl", hash = "sha256:aeb9ed923be74e659984e321f609b9ba54a48354bfd168d21a2b072ed1e833ea"},
    {file = "numpy-1.19.5-cp36-cp36m-manylinux1_x86_64.whl", hash = "sha256:8b5e972b43c8fc27d56550b4120fe6257fdc15f9301914380b27f74856299fea"},
    {file = "numpy-1.19.5-cp36-cp36m-manylinux2010_i686.whl", hash = "sha256:43d4c81d5ffdff6bae58d66a3cd7f54a7acd9a0e7b18d97abb255defc09e3140"},
    {file = "numpy-1.19.5-cp36-cp36m-manylinux2010_x86_64.whl", hash = "sha256:a4646724fba402aa7504cd48b4b50e783296b5e10a524c7a6da62e4a8ac9698d"},
    {file = "numpy-1.19.5-cp36-cp36m-manylinux2014_aarch64.whl", hash = "sha256:2e55195bc1c6b705bfd8ad6f288b38b11b1af32f3c8289d6c50d47f950c12e76"},
    {file = "numpy-1.19.5-cp36-cp36m-win32.whl", hash = "sha256:39b70c19ec771805081578cc936bbe95336798b7edf4732ed102e7a43ec5c07a"},
    {file = "numpy-1.19.5-cp36-cp36m-win_amd64.whl", hash = "sha256:dbd18bcf4889b720ba13a27ec2f2aac1981bd41203b3a3b27ba7a33f88ae4827"},
    {file = "numpy-1.19.5-cp37-cp37m-macosx_10_9_x86_64.whl", hash = "sha256:603aa0706be710eea8884af807b1b3bc9fb2e49b9f4da439e76000f3b3c6ff0f"},
    {file = "numpy-1.19.5-cp37-cp37m-manylinux1_i686.whl", hash = "sha256:cae865b1cae1ec2663d8ea56ef6ff185bad091a5e33ebbadd98de2cfa3fa668f"},
    {file = "numpy-1.19.5-cp37-cp37m-manylinux1_x86_64.whl", hash = "sha256:36674959eed6957e61f11c912f71e78857a8d0604171dfd9ce9ad5cbf41c511c"},
    {file = "numpy-1.19.5-cp37-cp37m-manylinux2010_i686.whl", hash = "sha256:06fab248a088e439402141ea04f0fffb203723148f6ee791e9c75b3e9e82f080"},
    {file = "numpy-1.19.5-cp37-cp37m-manylinux2010_x86_64.whl", hash = "sha256:6149a185cece5ee78d1d196938b2a8f9d09f5a5ebfbba66969302a778d5ddd1d"},
    {file = "numpy-1.19.5-cp37-cp37m-manylinux2014_aarch64.whl", hash = "sha256:50a4a0ad0111cc1b71fa32dedd05fa239f7fb5a43a40663269bb5dc7877cfd28"},
    {file = "numpy-1.19.5-cp37-cp37m-win32.whl", hash = "sha256:d051ec1c64b85ecc69531e1137bb9751c6830772ee5c1c426dbcfe98ef5788d7"},
    {file = "numpy-1.19.5-cp37-cp37m-win_amd64.whl", hash = "sha256:a12ff4c8ddfee61f90a1633a4c4afd3f7bcb32b11c52026c92a12e1325922d0d"},
    {file = "numpy-1.19.5-cp38-cp38-macosx_10_9_x86_64.whl", hash = "sha256:cf2402002d3d9f91c8b01e66fbb436a4ed01c6498fffed0e4c7566da1d40ee1e"},
    {file = "numpy-1.19.5-cp38-cp38-manylinux1_i686.whl", hash = "sha256:1ded4fce9cfaaf24e7a0ab51b7a87be9038ea1ace7f34b841fe3b6894c721d1c"},
    {file = "numpy-1.19.5-cp38-cp38-manylinux1_x86_64.whl", hash = "sha256:012426a41bc9ab63bb158635aecccc7610e3eff5d31d1eb43bc099debc979d94"},
    {file = "numpy-1.19.5-cp38-cp38-manylinux2010_i686.whl", hash = "sha256:759e4095edc3c1b3ac031f34d9459fa781777a93ccc633a472a5468587a190ff"},
    {file = "numpy-1.19.5-cp38-cp38-manylinux2010_x86_64.whl", hash = "sha256:a9d17f2be3b427fbb2bce61e596cf555d6f8a56c222bd2ca148baeeb5e5c783c"},
    {file = "numpy-1.19.5-cp38-cp38-manylinux2014_aarch64.whl", hash = "sha256:99abf4f353c3d1a0c7a5f27699482c987cf663b1eac20db59b8c7b061eabd7fc"},
    {file = "numpy-1.19.5-cp38-cp38-win32.whl", hash = "sha256:384ec0463d1c2671170901994aeb6dce126de0a95ccc3976c43b0038a37329c2"},
    {file = "numpy-1.19.5-cp38-cp38-win_amd64.whl", hash = "sha256:811daee36a58dc79cf3d8bdd4a490e4277d0e4b7d103a001a4e73ddb48e7e6aa"},
    {file = "numpy-1.19.5-cp39-cp39-macosx_10_9_x86_64.whl", hash = "sha256:c843b3f50d1ab7361ca4f0b3639bf691569493a56808a0b0c54a051d260b7dbd"},
    {file = "numpy-1.19.5-cp39-cp39-manylinux1_i686.whl", hash = "sha256:d6631f2e867676b13026e2846180e2c13c1e11289d67da08d71cacb2cd93d4aa"},
    {file = "numpy-1.19.5-cp39-cp39-manylinux1_x86_64.whl", hash = "sha256:7fb43004bce0ca31d8f13a6eb5e943fa73371381e53f7074ed21a4cb786c32f8"},
    {file = "numpy-1.19.5-cp39-cp39-manylinux2010_i686.whl", hash = "sha256:2ea52bd92ab9f768cc64a4c3ef8f4b2580a17af0a5436f6126b08efbd1838371"},
    {file = "numpy-1.19.5-cp39-cp39-manylinux2010_x86_64.whl", hash = "sha256:400580cbd3cff6ffa6293df2278c75aef2d58d8d93d3c5614cd67981dae68ceb"},
    {file = "numpy-1.19.5-cp39-cp39-manylinux2014_aarch64.whl", hash = "sha256:df609c82f18c5b9f6cb97271f03315ff0dbe481a2a02e56aeb1b1a985ce38e60"},
    {file = "numpy-1.19.5-cp39-cp39-win32.whl", hash = "sha256:ab83f24d5c52d60dbc8cd0528759532736b56db58adaa7b5f1f76ad551416a1e"},
    {file = "numpy-1.19.5-cp39-cp39-win_amd64.whl", hash = "sha256:0eef32ca3132a48e43f6a0f5a82cb508f22ce5a3d6f67a8329c81c8e226d3f6e"},
    {file = "numpy-1.19.5-pp36-pypy36_pp73-manylinux2010_x86_64.whl", hash = "sha256:a0d53e51a6cb6f0d9082decb7a4cb6dfb33055308c4c44f53103c073f649af73"},
    {file = "numpy-1.19.5.zip", hash = "sha256:a76f502430dd98d7546e1ea2250a7360c065a5fdea52b2dffe8ae7180909b6f4"},
]
"pandas 0.25.3" = [
    {file = "pandas-0.25.3-cp35-cp35m-macosx_10_6_intel.whl", hash = "sha256:df8864824b1fe488cf778c3650ee59c3a0d8f42e53707de167ba6b4f7d35f133"},
    {file = "pandas-0.25.3-cp35-cp35m-manylinux1_i686.whl", hash = "sha256:7458c48e3d15b8aaa7d575be60e1e4dd70348efcd9376656b72fecd55c59a4c3"},
    {file = "pandas-0.25.3-cp35-cp35m-manylinux1_x86_64.whl", hash = "sha256:61741f5aeb252f39c3031d11405305b6d10ce663c53bc3112705d7ad66c013d0"},
    {file = "pandas-0.25.3-cp35-cp35m-win32.whl", hash = "sha256:adc3d3a3f9e59a38d923e90e20c4922fc62d1e5a03d083440468c6d8f3f1ae0a"},
    {file = "pandas-0.25.3-cp35-cp35m-win_amd64.whl", hash = "sha256:975c461accd14e89d71772e89108a050fa824c0b87a67d34cedf245f6681fc17"},
    {file = "pandas-0.25.3-cp36-cp36m-macosx_10_9_x86_64.whl", hash = "sha256:ee50c2142cdcf41995655d499a157d0a812fce55c97d9aad13bc1eef837ed36c"},
    {file = "pandas-0.25.3-cp36-cp36m-manylinux1_i686.whl", hash = "sha256:4545467a637e0e1393f7d05d61dace89689ad6d6f66f267f86fff737b702cce9"},
    {file = "pandas-0.25.3-cp36-cp36m-manylinux1_x86_64.whl", hash = "sha256:bbe3eb765a0b1e578833d243e2814b60c825b7fdbf4cdfe8e8aae8a08ed56ecf"},
    {file = "pandas-0.25.3-cp36-cp36m-win32.whl", hash = "sha256:8153705d6545fd9eb6dd2bc79301bff08825d2e2f716d5dced48daafc2d0b81f"},
    {file = "pandas-0.25.3-cp36-cp36m-win_amd64.whl", hash = "sha256:26382aab9c119735908d94d2c5c08020a4a0a82969b7e5eefb92f902b3b30ad7"},
    {file = "pandas-0.25.3-cp37-cp37m-macosx_10_9_x86_64.whl", hash = "sha256:00dff3a8e337f5ed7ad295d98a31821d3d0fe7792da82d78d7fd79b89c03ea9d"},
    {file = "pandas-0.25.3-cp37-cp37m-manylinux1_x86_64.whl", hash = "sha256:e45055c30a608076e31a9fcd780a956ed3b1fa20db61561b8d88b79259f526f7"},
    {file = "pandas-0.25.3-cp37-cp37m-win32.whl", hash = "sha256:255920e63850dc512ce356233081098554d641ba99c3767dde9e9f35630f994b"},
    {file = "pandas-0.25.3-cp37-cp37m-win_amd64.whl", hash = "sha256:22361b1597c8c2ffd697aa9bf85423afa9e1fcfa6b1ea821054a244d5f24d75e"},
    {file = "pandas-0.25.3-cp38-cp38-macosx_10_9_x86_64.whl", hash = "sha256:9962957a27bfb70ab64103d0a7b42fa59c642fb4ed4cb75d0227b7bb9228535d"},
    {file = "pandas-0.25.3-cp38-cp38-manylinux1_x86_64.whl", hash = "sha256:78bf638993219311377ce9836b3dc05f627a666d0dbc8cec37c0ff3c9ada673b"},
    {file = "pandas-0.25.3-cp38-cp38-win32.whl", hash = "sha256:6a3ac2c87e4e32a969921d1428525f09462770c349147aa8e9ab95f88c71ec71"},
    {file = "pandas-0.25.3-cp38-cp38-win_amd64.whl", hash = "sha256:33970f4cacdd9a0ddb8f21e151bfb9f178afb7c36eb7c25b9094c02876f385c2"},
    {file = "pandas-0.25.3.tar.gz", hash = "sha256:52da74df8a9c9a103af0a72c9d5fdc8e0183a90884278db7f386b5692a2220a4"},
]
"pygments 2.8.0" = [
    {file = "Pygments-2.8.0-py3-none-any.whl", hash = "sha256:b21b072d0ccdf29297a82a2363359d99623597b8a265b8081760e4d0f7153c88"},
    {file = "Pygments-2.8.0.tar.gz", hash = "sha256:37a13ba168a02ac54cc5891a42b1caec333e59b66addb7fa633ea8a6d73445c0"},
]
"python-dateutil 2.8.1" = [
    {file = "python_dateutil-2.8.1-py2.py3-none-any.whl", hash = "sha256:75bb3f31ea686f1197762692a9ee6a7550b59fc6ca3a1f4b5d7e32fb98e2da2a"},
    {file = "python-dateutil-2.8.1.tar.gz", hash = "sha256:73ebfe9dbf22e832286dafa60473e4cd239f8592f699aa5adaf10050e6e1823c"},
]
"pytz 2021.1" = [
    {file = "pytz-2021.1-py2.py3-none-any.whl", hash = "sha256:eb10ce3e7736052ed3623d49975ce333bcd712c7bb19a58b9e2089d4057d0798"},
    {file = "pytz-2021.1.tar.gz", hash = "sha256:83a4a90894bf38e243cf052c8b58f381bfe9a7a483f6a9cab140bc7f702ac4da"},
]
"setuptools 53.0.0" = [
    {file = "setuptools-53.0.0-py3-none-any.whl", hash = "sha256:0e86620d658c5ca87a71a283bd308fcaeb4c33e17792ef6f081aec17c171347f"},
    {file = "setuptools-53.0.0.tar.gz", hash = "sha256:1b18ef17d74ba97ac9c0e4b4265f123f07a8ae85d9cd093949fa056d3eeeead5"},
]
"six 1.15.0" = [
    {file = "six-1.15.0-py2.py3-none-any.whl", hash = "sha256:8b74bedcbbbaca38ff6d7491d76f2b06b3592611af620f8426e82dddb04a5ced"},
    {file = "six-1.15.0.tar.gz", hash = "sha256:30639c035cdb23534cd4aa2dd52c3bf48f06e5f4a941509c8bafd8ce11080259"},
]
"svg.path 4.0.2" = [
    {file = "svg.path-4.0.2-py2.py3-none-any.whl", hash = "sha256:52bd79036e4958c97abd5af8f31938bce35f1e5f3720729f928e0a0c5c661603"},
    {file = "svg.path-4.0.2.tar.gz", hash = "sha256:4bd627ec6526cd5da14f3c6a51205d930187db2d8992aed626825492c033b195"},
]
"watchdog 2.0.0" = [
    {file = "watchdog-2.0.0-cp36-cp36m-macosx_10_9_x86_64.whl", hash = "sha256:275305b701aa2157c21d48bbe0c29cc844f14ae3095e7352faa90d2664f5eb3c"},
    {file = "watchdog-2.0.0-cp37-cp37m-macosx_10_9_x86_64.whl", hash = "sha256:7bda6200f409f5c5166cad6cdf122dc5988ee98d8b61f1d60e15386501bc52ce"},
    {file = "watchdog-2.0.0-cp38-cp38-macosx_10_9_x86_64.whl", hash = "sha256:9a62a10ec580ca48751caa9f9346bdea0d652801b006a3856344f033bd1fe138"},
    {file = "watchdog-2.0.0-cp39-cp39-macosx_10_9_x86_64.whl", hash = "sha256:900995c9a4842f081e1ca06fde1df0e36304b34d2e1b59712c2618a4e7d25e98"},
    {file = "watchdog-2.0.0-pp36-pypy36_pp73-macosx_10_9_x86_64.whl", hash = "sha256:9371f7090cc7e648654b3cabe955f97105069c1b2a051158e4edd290ebfd4753"},
    {file = "watchdog-2.0.0-pp37-pypy37_pp73-macosx_10_9_x86_64.whl", hash = "sha256:d28a933682d0a47d8d48e46ff9fb8b323e27cb33830d5aae9c4b9c59767b302c"},
    {file = "watchdog-2.0.0-py3-none-manylinux2014_aarch64.whl", hash = "sha256:fda5fc3586fc198c39d4a84ff04a785b95145ad8fc6538a8d8fe1fd37d67fdd7"},
    {file = "watchdog-2.0.0-py3-none-manylinux2014_armv7l.whl", hash = "sha256:bfa78c9f9a6371b0a61f3f0f3499a39118e0bf67e6d635837fc521f3fcb985a0"},
    {file = "watchdog-2.0.0-py3-none-manylinux2014_i686.whl", hash = "sha256:0e3a14d5927dfc8381a45618d8373734a182e9747086a2ed7b4ee8c55e393d61"},
    {file = "watchdog-2.0.0-py3-none-manylinux2014_ppc64.whl", hash = "sha256:865891481224e83baa8bfa3cbf188ef346498caa161b8998ef80f4204db4a8f4"},
    {file = "watchdog-2.0.0-py3-none-manylinux2014_ppc64le.whl", hash = "sha256:7cec8807a4f0c48fc7edbaf57c8feaf033841bde700e7e3f75f80a68ea607b3c"},
    {file = "watchdog-2.0.0-py3-none-manylinux2014_s390x.whl", hash = "sha256:1e4af875a9cb0323945a6f3640721cbd75e5fb55d4fe9a122306ed6e3e81cb87"},
    {file = "watchdog-2.0.0-py3-none-manylinux2014_x86_64.whl", hash = "sha256:f003a04c462720a03cb2332054a48a2453116b34145c1cd7287dccee0bb9eef4"},
    {file = "watchdog-2.0.0-py3-none-win32.whl", hash = "sha256:bce7e4caf491e753f3d554155e67fb2ae1aafeb8a5a11e8d2b3fcbe213dd3b55"},
    {file = "watchdog-2.0.0-py3-none-win_amd64.whl", hash = "sha256:218b1fc22c4b60a28b45a3c1894f82e03cd15ab82e983f50d7edab323ba4dbdd"},
    {file = "watchdog-2.0.0-py3-none-win_ia64.whl", hash = "sha256:a7b8811e6dd23864e21b5acbfce3b9d3d37f9e0d5815253902c17a6739b84ce7"},
    {file = "watchdog-2.0.0.tar.gz", hash = "sha256:fd4b56cfbe0d0d9c4fc431aceca75700a7f12d3737dc2e9cb2ec2ba649680425"},
]
